
Microsoft Visual Studio Solution File, Format Version 12.00
# Visual Studio Version 17
VisualStudioVersion = 17.3.32811.315
MinimumVisualStudioVersion = 10.0.40219.1
Project("{FAE04EC0-301F-11D3-BF4B-00C04F79EFBC}") = "SimpleDataApp", "SimpleDataApp\SimpleDataApp.csproj", "{90EC4904-05A1-4DD6-8002-DCCC32A08E3B}"
EndProject
Global
	GlobalSection(SolutionConfigurationPlatforms) = preSolution
		Debug|Any CPU = Debug|Any CPU
		Release|Any CPU = Release|Any CPU
	EndGlobalSection
	GlobalSection(ProjectConfigurationPlatforms) = postSolution
		{90EC4904-05A1-4DD6-8002-DCCC32A08E3B}.Debug|Any CPU.ActiveCfg = Debug|Any CPU
		{90EC4904-05A1-4DD6-8002-DCCC32A08E3B}.Debug|Any CPU.Build.0 = Debug|Any CPU
		{90EC4904-05A1-4DD6-8002-DCCC32A08E3B}.Release|Any CPU.ActiveCfg = Release|Any CPU
		{90EC4904-05A1-4DD6-8002-DCCC32A08E3B}.Release|Any CPU.Build.0 = Release|Any CPU
	EndGlobalSection
	GlobalSection(SolutionProperties) = preSolution
		HideSolutionNode = FALSE
	EndGlobalSection
	GlobalSection(ExtensibilityGlobals) = postSolution
		SolutionGuid = {7AE6A4C8-266A-4C20-8524-F93B22D30DDD}
	EndGlobalSection
EndGlobal
